// !$*UTF8*$!
{
	archiveVersion = 1;
	classes = {
	};
	objectVersion = 56;
	objects = {

/* Begin PBXBuildFile section */
		3A0CEEBB2CC7F88600F20F5C /* CoreDataBootcamp.swift in Sources */ = {isa = PBXBuildFile; fileRef = 3A0CEEBA2CC7F88600F20F5C /* CoreDataBootcamp.swift */; };
		3A0CEEBE2CC7FA0A00F20F5C /* FruitsContainer.xcdatamodeld in Sources */ = {isa = PBXBuildFile; fileRef = 3A0CEEBC2CC7FA0A00F20F5C /* FruitsContainer.xcdatamodeld */; };
		3A4DC4542CC1504A00A6955D /* MultipleSheetsBootcamp.swift in Sources */ = {isa = PBXBuildFile; fileRef = 3A4DC4532CC1504A00A6955D /* MultipleSheetsBootcamp.swift */; };
		3A4DC4562CC156CB00A6955D /* MaskBootcamp.swift in Sources */ = {isa = PBXBuildFile; fileRef = 3A4DC4552CC156CB00A6955D /* MaskBootcamp.swift */; };
		3A4DC4582CC15B0100A6955D /* SoundsBootcamp.swift in Sources */ = {isa = PBXBuildFile; fileRef = 3A4DC4572CC15B0100A6955D /* SoundsBootcamp.swift */; };
		3A4DC45C2CC15D5700A6955D /* tada.mp3 in Resources */ = {isa = PBXBuildFile; fileRef = 3A4DC45A2CC15D5700A6955D /* tada.mp3 */; };
		3A4DC45D2CC15D5700A6955D /* badum.mp3 in Resources */ = {isa = PBXBuildFile; fileRef = 3A4DC45B2CC15D5700A6955D /* badum.mp3 */; };
		3A5797112CC5808E00F404D9 /* HashableBootcamp.swift in Sources */ = {isa = PBXBuildFile; fileRef = 3A5797102CC5808E00F404D9 /* HashableBootcamp.swift */; };
		3A5797132CC6C88900F404D9 /* ArraysBootcamp.swift in Sources */ = {isa = PBXBuildFile; fileRef = 3A5797122CC6C88900F404D9 /* ArraysBootcamp.swift */; };
		3A70836B2CC3C48800A0BCD3 /* LocalNotificationBootcamp.swift in Sources */ = {isa = PBXBuildFile; fileRef = 3A70836A2CC3C48800A0BCD3 /* LocalNotificationBootcamp.swift */; };
		3A96FB022CC9889900C5A473 /* CoreDataRelationshipBootcamp.swift in Sources */ = {isa = PBXBuildFile; fileRef = 3A96FB012CC9889900C5A473 /* CoreDataRelationshipBootcamp.swift */; };
		3A96FB052CC98A0700C5A473 /* CoreDataContainer.xcdatamodeld in Sources */ = {isa = PBXBuildFile; fileRef = 3A96FB032CC98A0700C5A473 /* CoreDataContainer.xcdatamodeld */; };
		3AA1CC942CC11DD500767F44 /* GeometryReaderBootcamp.swift in Sources */ = {isa = PBXBuildFile; fileRef = 3AA1CC932CC11DD500767F44 /* GeometryReaderBootcamp.swift */; };
		3ABE984B2CC2E89C00B9DA4D /* HapticsBootcamp.swift in Sources */ = {isa = PBXBuildFile; fileRef = 3ABE984A2CC2E89C00B9DA4D /* HapticsBootcamp.swift */; };
		3AE8EE902CBDA9DA00A2E203 /* SwiftUIContinuedLearningApp.swift in Sources */ = {isa = PBXBuildFile; fileRef = 3AE8EE8F2CBDA9DA00A2E203 /* SwiftUIContinuedLearningApp.swift */; };
		3AE8EE922CBDA9DA00A2E203 /* ContentView.swift in Sources */ = {isa = PBXBuildFile; fileRef = 3AE8EE912CBDA9DA00A2E203 /* ContentView.swift */; };
		3AE8EE942CBDA9DC00A2E203 /* Assets.xcassets in Resources */ = {isa = PBXBuildFile; fileRef = 3AE8EE932CBDA9DC00A2E203 /* Assets.xcassets */; };
		3AE8EE972CBDA9DC00A2E203 /* Preview Assets.xcassets in Resources */ = {isa = PBXBuildFile; fileRef = 3AE8EE962CBDA9DC00A2E203 /* Preview Assets.xcassets */; };
		3AE8EE9E2CBDAA8500A2E203 /* LongPressGestureBootcamp.swift in Sources */ = {isa = PBXBuildFile; fileRef = 3AE8EE9D2CBDAA8500A2E203 /* LongPressGestureBootcamp.swift */; };
		3AE8EEA02CBDB67E00A2E203 /* MagnificationGestureBootcamp.swift in Sources */ = {isa = PBXBuildFile; fileRef = 3AE8EE9F2CBDB67E00A2E203 /* MagnificationGestureBootcamp.swift */; };
		3AE8EEA22CBDC0F500A2E203 /* RotationGestureBootcamp.swift in Sources */ = {isa = PBXBuildFile; fileRef = 3AE8EEA12CBDC0F500A2E203 /* RotationGestureBootcamp.swift */; };
		3AE8EEA42CBED6CF00A2E203 /* DragGestureBootcamp.swift in Sources */ = {isa = PBXBuildFile; fileRef = 3AE8EEA32CBED6CF00A2E203 /* DragGestureBootcamp.swift */; };
		3AE8EEA62CBEDB6500A2E203 /* DragGestureBootcamp2.swift in Sources */ = {isa = PBXBuildFile; fileRef = 3AE8EEA52CBEDB6500A2E203 /* DragGestureBootcamp2.swift */; };
		3AE8EEA82CC0319900A2E203 /* ScrollViewReaderBootcamp.swift in Sources */ = {isa = PBXBuildFile; fileRef = 3AE8EEA72CC0319900A2E203 /* ScrollViewReaderBootcamp.swift */; };
/* End PBXBuildFile section */

/* Begin PBXFileReference section */
		3A0CEEBA2CC7F88600F20F5C /* CoreDataBootcamp.swift */ = {isa = PBXFileReference; lastKnownFileType = sourcecode.swift; path = CoreDataBootcamp.swift; sourceTree = "<group>"; };
		3A0CEEBD2CC7FA0A00F20F5C /* FruitsContainer.xcdatamodel */ = {isa = PBXFileReference; lastKnownFileType = wrapper.xcdatamodel; path = FruitsContainer.xcdatamodel; sourceTree = "<group>"; };
		3A4DC4532CC1504A00A6955D /* MultipleSheetsBootcamp.swift */ = {isa = PBXFileReference; lastKnownFileType = sourcecode.swift; path = MultipleSheetsBootcamp.swift; sourceTree = "<group>"; };
		3A4DC4552CC156CB00A6955D /* MaskBootcamp.swift */ = {isa = PBXFileReference; lastKnownFileType = sourcecode.swift; path = MaskBootcamp.swift; sourceTree = "<group>"; };
		3A4DC4572CC15B0100A6955D /* SoundsBootcamp.swift */ = {isa = PBXFileReference; lastKnownFileType = sourcecode.swift; path = SoundsBootcamp.swift; sourceTree = "<group>"; };
		3A4DC45A2CC15D5700A6955D /* tada.mp3 */ = {isa = PBXFileReference; lastKnownFileType = audio.mp3; path = tada.mp3; sourceTree = "<group>"; };
		3A4DC45B2CC15D5700A6955D /* badum.mp3 */ = {isa = PBXFileReference; lastKnownFileType = audio.mp3; path = badum.mp3; sourceTree = "<group>"; };
		3A5797102CC5808E00F404D9 /* HashableBootcamp.swift */ = {isa = PBXFileReference; lastKnownFileType = sourcecode.swift; path = HashableBootcamp.swift; sourceTree = "<group>"; };
		3A5797122CC6C88900F404D9 /* ArraysBootcamp.swift */ = {isa = PBXFileReference; lastKnownFileType = sourcecode.swift; path = ArraysBootcamp.swift; sourceTree = "<group>"; };
		3A70836A2CC3C48800A0BCD3 /* LocalNotificationBootcamp.swift */ = {isa = PBXFileReference; lastKnownFileType = sourcecode.swift; path = LocalNotificationBootcamp.swift; sourceTree = "<group>"; };
		3A96FB012CC9889900C5A473 /* CoreDataRelationshipBootcamp.swift */ = {isa = PBXFileReference; lastKnownFileType = sourcecode.swift; path = CoreDataRelationshipBootcamp.swift; sourceTree = "<group>"; };
		3A96FB042CC98A0700C5A473 /* CoreDataContainer.xcdatamodel */ = {isa = PBXFileReference; lastKnownFileType = wrapper.xcdatamodel; path = CoreDataContainer.xcdatamodel; sourceTree = "<group>"; };
		3AA1CC932CC11DD500767F44 /* GeometryReaderBootcamp.swift */ = {isa = PBXFileReference; lastKnownFileType = sourcecode.swift; path = GeometryReaderBootcamp.swift; sourceTree = "<group>"; };
		3ABE984A2CC2E89C00B9DA4D /* HapticsBootcamp.swift */ = {isa = PBXFileReference; lastKnownFileType = sourcecode.swift; path = HapticsBootcamp.swift; sourceTree = "<group>"; };
		3AE8EE8C2CBDA9DA00A2E203 /* SwiftUIContinuedLearning.app */ = {isa = PBXFileReference; explicitFileType = wrapper.application; includeInIndex = 0; path = SwiftUIContinuedLearning.app; sourceTree = BUILT_PRODUCTS_DIR; };
		3AE8EE8F2CBDA9DA00A2E203 /* SwiftUIContinuedLearningApp.swift */ = {isa = PBXFileReference; lastKnownFileType = sourcecode.swift; path = SwiftUIContinuedLearningApp.swift; sourceTree = "<group>"; };
		3AE8EE912CBDA9DA00A2E203 /* ContentView.swift */ = {isa = PBXFileReference; lastKnownFileType = sourcecode.swift; path = ContentView.swift; sourceTree = "<group>"; };
		3AE8EE932CBDA9DC00A2E203 /* Assets.xcassets */ = {isa = PBXFileReference; lastKnownFileType = folder.assetcatalog; path = Assets.xcassets; sourceTree = "<group>"; };
		3AE8EE962CBDA9DC00A2E203 /* Preview Assets.xcassets */ = {isa = PBXFileReference; lastKnownFileType = folder.assetcatalog; path = "Preview Assets.xcassets"; sourceTree = "<group>"; };
		3AE8EE9D2CBDAA8500A2E203 /* LongPressGestureBootcamp.swift */ = {isa = PBXFileReference; lastKnownFileType = sourcecode.swift; path = LongPressGestureBootcamp.swift; sourceTree = "<group>"; };
		3AE8EE9F2CBDB67E00A2E203 /* MagnificationGestureBootcamp.swift */ = {isa = PBXFileReference; lastKnownFileType = sourcecode.swift; path = MagnificationGestureBootcamp.swift; sourceTree = "<group>"; };
		3AE8EEA12CBDC0F500A2E203 /* RotationGestureBootcamp.swift */ = {isa = PBXFileReference; lastKnownFileType = sourcecode.swift; path = RotationGestureBootcamp.swift; sourceTree = "<group>"; };
		3AE8EEA32CBED6CF00A2E203 /* DragGestureBootcamp.swift */ = {isa = PBXFileReference; lastKnownFileType = sourcecode.swift; path = DragGestureBootcamp.swift; sourceTree = "<group>"; };
		3AE8EEA52CBEDB6500A2E203 /* DragGestureBootcamp2.swift */ = {isa = PBXFileReference; lastKnownFileType = sourcecode.swift; path = DragGestureBootcamp2.swift; sourceTree = "<group>"; };
		3AE8EEA72CC0319900A2E203 /* ScrollViewReaderBootcamp.swift */ = {isa = PBXFileReference; lastKnownFileType = sourcecode.swift; path = ScrollViewReaderBootcamp.swift; sourceTree = "<group>"; };
/* End PBXFileReference section */

/* Begin PBXFrameworksBuildPhase section */
		3AE8EE892CBDA9DA00A2E203 /* Frameworks */ = {
			isa = PBXFrameworksBuildPhase;
			buildActionMask = 2147483647;
			files = (
			);
			runOnlyForDeploymentPostprocessing = 0;
		};
/* End PBXFrameworksBuildPhase section */

/* Begin PBXGroup section */
		3A4DC4592CC15D0700A6955D /* Sounds */ = {
			isa = PBXGroup;
			children = (
				3A4DC45B2CC15D5700A6955D /* badum.mp3 */,
				3A4DC45A2CC15D5700A6955D /* tada.mp3 */,
			);
			path = Sounds;
			sourceTree = "<group>";
		};
		3AE8EE832CBDA9D900A2E203 = {
			isa = PBXGroup;
			children = (
				3AE8EE8E2CBDA9DA00A2E203 /* SwiftUIContinuedLearning */,
				3AE8EE8D2CBDA9DA00A2E203 /* Products */,
			);
			sourceTree = "<group>";
		};
		3AE8EE8D2CBDA9DA00A2E203 /* Products */ = {
			isa = PBXGroup;
			children = (
				3AE8EE8C2CBDA9DA00A2E203 /* SwiftUIContinuedLearning.app */,
			);
			name = Products;
			sourceTree = "<group>";
		};
		3AE8EE8E2CBDA9DA00A2E203 /* SwiftUIContinuedLearning */ = {
			isa = PBXGroup;
			children = (
				3A4DC4592CC15D0700A6955D /* Sounds */,
				3AE8EE8F2CBDA9DA00A2E203 /* SwiftUIContinuedLearningApp.swift */,
				3AE8EE912CBDA9DA00A2E203 /* ContentView.swift */,
				3AE8EE9D2CBDAA8500A2E203 /* LongPressGestureBootcamp.swift */,
				3AE8EE9F2CBDB67E00A2E203 /* MagnificationGestureBootcamp.swift */,
				3AE8EEA12CBDC0F500A2E203 /* RotationGestureBootcamp.swift */,
				3AE8EEA32CBED6CF00A2E203 /* DragGestureBootcamp.swift */,
				3AE8EEA52CBEDB6500A2E203 /* DragGestureBootcamp2.swift */,
				3AE8EEA72CC0319900A2E203 /* ScrollViewReaderBootcamp.swift */,
				3AA1CC932CC11DD500767F44 /* GeometryReaderBootcamp.swift */,
				3A4DC4532CC1504A00A6955D /* MultipleSheetsBootcamp.swift */,
				3A4DC4552CC156CB00A6955D /* MaskBootcamp.swift */,
				3A4DC4572CC15B0100A6955D /* SoundsBootcamp.swift */,
				3ABE984A2CC2E89C00B9DA4D /* HapticsBootcamp.swift */,
				3A70836A2CC3C48800A0BCD3 /* LocalNotificationBootcamp.swift */,
				3A5797102CC5808E00F404D9 /* HashableBootcamp.swift */,
				3A5797122CC6C88900F404D9 /* ArraysBootcamp.swift */,
				3A0CEEBA2CC7F88600F20F5C /* CoreDataBootcamp.swift */,
				3A0CEEBC2CC7FA0A00F20F5C /* FruitsContainer.xcdatamodeld */,
				3A96FB012CC9889900C5A473 /* CoreDataRelationshipBootcamp.swift */,
				3A96FB032CC98A0700C5A473 /* CoreDataContainer.xcdatamodeld */,
				3AE8EE932CBDA9DC00A2E203 /* Assets.xcassets */,
				3AE8EE952CBDA9DC00A2E203 /* Preview Content */,
			);
			path = SwiftUIContinuedLearning;
			sourceTree = "<group>";
		};
		3AE8EE952CBDA9DC00A2E203 /* Preview Content */ = {
			isa = PBXGroup;
			children = (
				3AE8EE962CBDA9DC00A2E203 /* Preview Assets.xcassets */,
			);
			path = "Preview Content";
			sourceTree = "<group>";
		};
/* End PBXGroup section */

/* Begin PBXNativeTarget section */
		3AE8EE8B2CBDA9DA00A2E203 /* SwiftUIContinuedLearning */ = {
			isa = PBXNativeTarget;
			buildConfigurationList = 3AE8EE9A2CBDA9DC00A2E203 /* Build configuration list for PBXNativeTarget "SwiftUIContinuedLearning" */;
			buildPhases = (
				3AE8EE882CBDA9DA00A2E203 /* Sources */,
				3AE8EE892CBDA9DA00A2E203 /* Frameworks */,
				3AE8EE8A2CBDA9DA00A2E203 /* Resources */,
			);
			buildRules = (
			);
			dependencies = (
			);
			name = SwiftUIContinuedLearning;
			productName = SwiftUIContinuedLearning;
			productReference = 3AE8EE8C2CBDA9DA00A2E203 /* SwiftUIContinuedLearning.app */;
			productType = "com.apple.product-type.application";
		};
/* End PBXNativeTarget section */

/* Begin PBXProject section */
		3AE8EE842CBDA9D900A2E203 /* Project object */ = {
			isa = PBXProject;
			attributes = {
				BuildIndependentTargetsInParallel = 1;
				LastSwiftUpdateCheck = 1420;
				LastUpgradeCheck = 1420;
				TargetAttributes = {
					3AE8EE8B2CBDA9DA00A2E203 = {
						CreatedOnToolsVersion = 14.2;
					};
				};
			};
			buildConfigurationList = 3AE8EE872CBDA9D900A2E203 /* Build configuration list for PBXProject "SwiftUIContinuedLearning" */;
			compatibilityVersion = "Xcode 14.0";
			developmentRegion = en;
			hasScannedForEncodings = 0;
			knownRegions = (
				en,
				Base,
			);
			mainGroup = 3AE8EE832CBDA9D900A2E203;
			productRefGroup = 3AE8EE8D2CBDA9DA00A2E203 /* Products */;
			projectDirPath = "";
			projectRoot = "";
			targets = (
				3AE8EE8B2CBDA9DA00A2E203 /* SwiftUIContinuedLearning */,
			);
		};
/* End PBXProject section */

/* Begin PBXResourcesBuildPhase section */
		3AE8EE8A2CBDA9DA00A2E203 /* Resources */ = {
			isa = PBXResourcesBuildPhase;
			buildActionMask = 2147483647;
			files = (
				3A4DC45D2CC15D5700A6955D /* badum.mp3 in Resources */,
				3AE8EE972CBDA9DC00A2E203 /* Preview Assets.xcassets in Resources */,
				3AE8EE942CBDA9DC00A2E203 /* Assets.xcassets in Resources */,
				3A4DC45C2CC15D5700A6955D /* tada.mp3 in Resources */,
			);
			runOnlyForDeploymentPostprocessing = 0;
		};
/* End PBXResourcesBuildPhase section */

/* Begin PBXSourcesBuildPhase section */
		3AE8EE882CBDA9DA00A2E203 /* Sources */ = {
			isa = PBXSourcesBuildPhase;
			buildActionMask = 2147483647;
			files = (
				3A0CEEBE2CC7FA0A00F20F5C /* FruitsContainer.xcdatamodeld in Sources */,
				3A5797112CC5808E00F404D9 /* HashableBootcamp.swift in Sources */,
				3A4DC4582CC15B0100A6955D /* SoundsBootcamp.swift in Sources */,
				3A96FB022CC9889900C5A473 /* CoreDataRelationshipBootcamp.swift in Sources */,
				3AE8EEA62CBEDB6500A2E203 /* DragGestureBootcamp2.swift in Sources */,
				3A0CEEBB2CC7F88600F20F5C /* CoreDataBootcamp.swift in Sources */,
				3A4DC4562CC156CB00A6955D /* MaskBootcamp.swift in Sources */,
				3AE8EEA42CBED6CF00A2E203 /* DragGestureBootcamp.swift in Sources */,
				3A96FB052CC98A0700C5A473 /* CoreDataContainer.xcdatamodeld in Sources */,
				3AE8EE922CBDA9DA00A2E203 /* ContentView.swift in Sources */,
				3A5797132CC6C88900F404D9 /* ArraysBootcamp.swift in Sources */,
				3A70836B2CC3C48800A0BCD3 /* LocalNotificationBootcamp.swift in Sources */,
				3AE8EEA82CC0319900A2E203 /* ScrollViewReaderBootcamp.swift in Sources */,
				3A4DC4542CC1504A00A6955D /* MultipleSheetsBootcamp.swift in Sources */,
				3AE8EE902CBDA9DA00A2E203 /* SwiftUIContinuedLearningApp.swift in Sources */,
				3AE8EEA02CBDB67E00A2E203 /* MagnificationGestureBootcamp.swift in Sources */,
				3AA1CC942CC11DD500767F44 /* GeometryReaderBootcamp.swift in Sources */,
				3ABE984B2CC2E89C00B9DA4D /* HapticsBootcamp.swift in Sources */,
				3AE8EE9E2CBDAA8500A2E203 /* LongPressGestureBootcamp.swift in Sources */,
				3AE8EEA22CBDC0F500A2E203 /* RotationGestureBootcamp.swift in Sources */,
			);
			runOnlyForDeploymentPostprocessing = 0;
		};
/* End PBXSourcesBuildPhase section */

/* Begin XCBuildConfiguration section */
		3AE8EE982CBDA9DC00A2E203 /* Debug */ = {
			isa = XCBuildConfiguration;
			buildSettings = {
				ALWAYS_SEARCH_USER_PATHS = NO;
				CLANG_ANALYZER_NONNULL = YES;
				CLANG_ANALYZER_NUMBER_OBJECT_CONVERSION = YES_AGGRESSIVE;
				CLANG_CXX_LANGUAGE_STANDARD = "gnu++20";
				CLANG_ENABLE_MODULES = YES;
				CLANG_ENABLE_OBJC_ARC = YES;
				CLANG_ENABLE_OBJC_WEAK = YES;
				CLANG_WARN_BLOCK_CAPTURE_AUTORELEASING = YES;
				CLANG_WARN_BOOL_CONVERSION = YES;
				CLANG_WARN_COMMA = YES;
				CLANG_WARN_CONSTANT_CONVERSION = YES;
				CLANG_WARN_DEPRECATED_OBJC_IMPLEMENTATIONS = YES;
				CLANG_WARN_DIRECT_OBJC_ISA_USAGE = YES_ERROR;
				CLANG_WARN_DOCUMENTATION_COMMENTS = YES;
				CLANG_WARN_EMPTY_BODY = YES;
				CLANG_WARN_ENUM_CONVERSION = YES;
				CLANG_WARN_INFINITE_RECURSION = YES;
				CLANG_WARN_INT_CONVERSION = YES;
				CLANG_WARN_NON_LITERAL_NULL_CONVERSION = YES;
				CLANG_WARN_OBJC_IMPLICIT_RETAIN_SELF = YES;
				CLANG_WARN_OBJC_LITERAL_CONVERSION = YES;
				CLANG_WARN_OBJC_ROOT_CLASS = YES_ERROR;
				CLANG_WARN_QUOTED_INCLUDE_IN_FRAMEWORK_HEADER = YES;
				CLANG_WARN_RANGE_LOOP_ANALYSIS = YES;
				CLANG_WARN_STRICT_PROTOTYPES = YES;
				CLANG_WARN_SUSPICIOUS_MOVE = YES;
				CLANG_WARN_UNGUARDED_AVAILABILITY = YES_AGGRESSIVE;
				CLANG_WARN_UNREACHABLE_CODE = YES;
				CLANG_WARN__DUPLICATE_METHOD_MATCH = YES;
				COPY_PHASE_STRIP = NO;
				DEBUG_INFORMATION_FORMAT = dwarf;
				ENABLE_STRICT_OBJC_MSGSEND = YES;
				ENABLE_TESTABILITY = YES;
				GCC_C_LANGUAGE_STANDARD = gnu11;
				GCC_DYNAMIC_NO_PIC = NO;
				GCC_NO_COMMON_BLOCKS = YES;
				GCC_OPTIMIZATION_LEVEL = 0;
				GCC_PREPROCESSOR_DEFINITIONS = (
					"DEBUG=1",
					"$(inherited)",
				);
				GCC_WARN_64_TO_32_BIT_CONVERSION = YES;
				GCC_WARN_ABOUT_RETURN_TYPE = YES_ERROR;
				GCC_WARN_UNDECLARED_SELECTOR = YES;
				GCC_WARN_UNINITIALIZED_AUTOS = YES_AGGRESSIVE;
				GCC_WARN_UNUSED_FUNCTION = YES;
				GCC_WARN_UNUSED_VARIABLE = YES;
				IPHONEOS_DEPLOYMENT_TARGET = 16.2;
				MTL_ENABLE_DEBUG_INFO = INCLUDE_SOURCE;
				MTL_FAST_MATH = YES;
				ONLY_ACTIVE_ARCH = YES;
				SDKROOT = iphoneos;
				SWIFT_ACTIVE_COMPILATION_CONDITIONS = DEBUG;
				SWIFT_OPTIMIZATION_LEVEL = "-Onone";
			};
			name = Debug;
		};
		3AE8EE992CBDA9DC00A2E203 /* Release */ = {
			isa = XCBuildConfiguration;
			buildSettings = {
				ALWAYS_SEARCH_USER_PATHS = NO;
				CLANG_ANALYZER_NONNULL = YES;
				CLANG_ANALYZER_NUMBER_OBJECT_CONVERSION = YES_AGGRESSIVE;
				CLANG_CXX_LANGUAGE_STANDARD = "gnu++20";
				CLANG_ENABLE_MODULES = YES;
				CLANG_ENABLE_OBJC_ARC = YES;
				CLANG_ENABLE_OBJC_WEAK = YES;
				CLANG_WARN_BLOCK_CAPTURE_AUTORELEASING = YES;
				CLANG_WARN_BOOL_CONVERSION = YES;
				CLANG_WARN_COMMA = YES;
				CLANG_WARN_CONSTANT_CONVERSION = YES;
				CLANG_WARN_DEPRECATED_OBJC_IMPLEMENTATIONS = YES;
				CLANG_WARN_DIRECT_OBJC_ISA_USAGE = YES_ERROR;
				CLANG_WARN_DOCUMENTATION_COMMENTS = YES;
				CLANG_WARN_EMPTY_BODY = YES;
				CLANG_WARN_ENUM_CONVERSION = YES;
				CLANG_WARN_INFINITE_RECURSION = YES;
				CLANG_WARN_INT_CONVERSION = YES;
				CLANG_WARN_NON_LITERAL_NULL_CONVERSION = YES;
				CLANG_WARN_OBJC_IMPLICIT_RETAIN_SELF = YES;
				CLANG_WARN_OBJC_LITERAL_CONVERSION = YES;
				CLANG_WARN_OBJC_ROOT_CLASS = YES_ERROR;
				CLANG_WARN_QUOTED_INCLUDE_IN_FRAMEWORK_HEADER = YES;
				CLANG_WARN_RANGE_LOOP_ANALYSIS = YES;
				CLANG_WARN_STRICT_PROTOTYPES = YES;
				CLANG_WARN_SUSPICIOUS_MOVE = YES;
				CLANG_WARN_UNGUARDED_AVAILABILITY = YES_AGGRESSIVE;
				CLANG_WARN_UNREACHABLE_CODE = YES;
				CLANG_WARN__DUPLICATE_METHOD_MATCH = YES;
				COPY_PHASE_STRIP = NO;
				DEBUG_INFORMATION_FORMAT = "dwarf-with-dsym";
				ENABLE_NS_ASSERTIONS = NO;
				ENABLE_STRICT_OBJC_MSGSEND = YES;
				GCC_C_LANGUAGE_STANDARD = gnu11;
				GCC_NO_COMMON_BLOCKS = YES;
				GCC_WARN_64_TO_32_BIT_CONVERSION = YES;
				GCC_WARN_ABOUT_RETURN_TYPE = YES_ERROR;
				GCC_WARN_UNDECLARED_SELECTOR = YES;
				GCC_WARN_UNINITIALIZED_AUTOS = YES_AGGRESSIVE;
				GCC_WARN_UNUSED_FUNCTION = YES;
				GCC_WARN_UNUSED_VARIABLE = YES;
				IPHONEOS_DEPLOYMENT_TARGET = 16.2;
				MTL_ENABLE_DEBUG_INFO = NO;
				MTL_FAST_MATH = YES;
				SDKROOT = iphoneos;
				SWIFT_COMPILATION_MODE = wholemodule;
				SWIFT_OPTIMIZATION_LEVEL = "-O";
				VALIDATE_PRODUCT = YES;
			};
			name = Release;
		};
		3AE8EE9B2CBDA9DC00A2E203 /* Debug */ = {
			isa = XCBuildConfiguration;
			buildSettings = {
				ASSETCATALOG_COMPILER_APPICON_NAME = AppIcon;
				ASSETCATALOG_COMPILER_GLOBAL_ACCENT_COLOR_NAME = AccentColor;
				CODE_SIGN_STYLE = Automatic;
				CURRENT_PROJECT_VERSION = 1;
				DEVELOPMENT_ASSET_PATHS = "\"SwiftUIContinuedLearning/Preview Content\"";
				ENABLE_PREVIEWS = YES;
				GENERATE_INFOPLIST_FILE = YES;
				INFOPLIST_KEY_UIApplicationSceneManifest_Generation = YES;
				INFOPLIST_KEY_UIApplicationSupportsIndirectInputEvents = YES;
				INFOPLIST_KEY_UILaunchScreen_Generation = YES;
				INFOPLIST_KEY_UISupportedInterfaceOrientations_iPad = "UIInterfaceOrientationPortrait UIInterfaceOrientationPortraitUpsideDown UIInterfaceOrientationLandscapeLeft UIInterfaceOrientationLandscapeRight";
				INFOPLIST_KEY_UISupportedInterfaceOrientations_iPhone = "UIInterfaceOrientationPortrait UIInterfaceOrientationLandscapeLeft UIInterfaceOrientationLandscapeRight";
				LD_RUNPATH_SEARCH_PATHS = (
					"$(inherited)",
					"@executable_path/Frameworks",
				);
				MARKETING_VERSION = 1.0;
				PRODUCT_BUNDLE_IDENTIFIER = com.miguelmanas.SwiftUIContinuedLearning;
				PRODUCT_NAME = "$(TARGET_NAME)";
				SWIFT_EMIT_LOC_STRINGS = YES;
				SWIFT_VERSION = 5.0;
				TARGETED_DEVICE_FAMILY = "1,2";
			};
			name = Debug;
		};
		3AE8EE9C2CBDA9DC00A2E203 /* Release */ = {
			isa = XCBuildConfiguration;
			buildSettings = {
				ASSETCATALOG_COMPILER_APPICON_NAME = AppIcon;
				ASSETCATALOG_COMPILER_GLOBAL_ACCENT_COLOR_NAME = AccentColor;
				CODE_SIGN_STYLE = Automatic;
				CURRENT_PROJECT_VERSION = 1;
				DEVELOPMENT_ASSET_PATHS = "\"SwiftUIContinuedLearning/Preview Content\"";
				ENABLE_PREVIEWS = YES;
				GENERATE_INFOPLIST_FILE = YES;
				INFOPLIST_KEY_UIApplicationSceneManifest_Generation = YES;
				INFOPLIST_KEY_UIApplicationSupportsIndirectInputEvents = YES;
				INFOPLIST_KEY_UILaunchScreen_Generation = YES;
				INFOPLIST_KEY_UISupportedInterfaceOrientations_iPad = "UIInterfaceOrientationPortrait UIInterfaceOrientationPortraitUpsideDown UIInterfaceOrientationLandscapeLeft UIInterfaceOrientationLandscapeRight";
				INFOPLIST_KEY_UISupportedInterfaceOrientations_iPhone = "UIInterfaceOrientationPortrait UIInterfaceOrientationLandscapeLeft UIInterfaceOrientationLandscapeRight";
				LD_RUNPATH_SEARCH_PATHS = (
					"$(inherited)",
					"@executable_path/Frameworks",
				);
				MARKETING_VERSION = 1.0;
				PRODUCT_BUNDLE_IDENTIFIER = com.miguelmanas.SwiftUIContinuedLearning;
				PRODUCT_NAME = "$(TARGET_NAME)";
				SWIFT_EMIT_LOC_STRINGS = YES;
				SWIFT_VERSION = 5.0;
				TARGETED_DEVICE_FAMILY = "1,2";
			};
			name = Release;
		};
/* End XCBuildConfiguration section */

/* Begin XCConfigurationList section */
		3AE8EE872CBDA9D900A2E203 /* Build configuration list for PBXProject "SwiftUIContinuedLearning" */ = {
			isa = XCConfigurationList;
			buildConfigurations = (
				3AE8EE982CBDA9DC00A2E203 /* Debug */,
				3AE8EE992CBDA9DC00A2E203 /* Release */,
			);
			defaultConfigurationIsVisible = 0;
			defaultConfigurationName = Release;
		};
		3AE8EE9A2CBDA9DC00A2E203 /* Build configuration list for PBXNativeTarget "SwiftUIContinuedLearning" */ = {
			isa = XCConfigurationList;
			buildConfigurations = (
				3AE8EE9B2CBDA9DC00A2E203 /* Debug */,
				3AE8EE9C2CBDA9DC00A2E203 /* Release */,
			);
			defaultConfigurationIsVisible = 0;
			defaultConfigurationName = Release;
		};
/* End XCConfigurationList section */

/* Begin XCVersionGroup section */
		3A0CEEBC2CC7FA0A00F20F5C /* FruitsContainer.xcdatamodeld */ = {
			isa = XCVersionGroup;
			children = (
				3A0CEEBD2CC7FA0A00F20F5C /* FruitsContainer.xcdatamodel */,
			);
			currentVersion = 3A0CEEBD2CC7FA0A00F20F5C /* FruitsContainer.xcdatamodel */;
			path = FruitsContainer.xcdatamodeld;
			sourceTree = "<group>";
			versionGroupType = wrapper.xcdatamodel;
		};
		3A96FB032CC98A0700C5A473 /* CoreDataContainer.xcdatamodeld */ = {
			isa = XCVersionGroup;
			children = (
				3A96FB042CC98A0700C5A473 /* CoreDataContainer.xcdatamodel */,
			);
			currentVersion = 3A96FB042CC98A0700C5A473 /* CoreDataContainer.xcdatamodel */;
			path = CoreDataContainer.xcdatamodeld;
			sourceTree = "<group>";
			versionGroupType = wrapper.xcdatamodel;
		};
/* End XCVersionGroup section */
	};
	rootObject = 3AE8EE842CBDA9D900A2E203 /* Project object */;
}
